
Microsoft Visual Studio Solution File, Format Version 12.00
# Visual Studio Version 17
VisualStudioVersion = 17.2.32526.322
MinimumVisualStudioVersion = 10.0.40219.1
Project("{2150E333-8FDC-42A3-9474-1A3956D46DE8}") = "src", "src", "{2B765D47-EAB8-46C4-ACAB-740614477628}"
EndProject
Project("{FAE04EC0-301F-11D3-BF4B-00C04F79EFBC}") = "FSMTeleBot", "src\FSMTeleBot\FSMTeleBot.csproj", "{C6EB0E92-E2D5-47D9-8F53-546EC5D48D4E}"
EndProject
Project("{2150E333-8FDC-42A3-9474-1A3956D46DE8}") = "test", "test", "{3946D062-76F5-4CEC-9334-C3AD27BD55F9}"
EndProject
Project("{FAE04EC0-301F-11D3-BF4B-00C04F79EFBC}") = "FSMTeleBot.CMD", "test\FSMTeleBot.CMD\FSMTeleBot.CMD.csproj", "{A4B8049B-C86B-4D7D-89A4-D0FB3A850BA4}"
EndProject
Global
	GlobalSection(SolutionConfigurationPlatforms) = preSolution
		Debug|Any CPU = Debug|Any CPU
		Release|Any CPU = Release|Any CPU
	EndGlobalSection
	GlobalSection(ProjectConfigurationPlatforms) = postSolution
		{C6EB0E92-E2D5-47D9-8F53-546EC5D48D4E}.Debug|Any CPU.ActiveCfg = Debug|Any CPU
		{C6EB0E92-E2D5-47D9-8F53-546EC5D48D4E}.Debug|Any CPU.Build.0 = Debug|Any CPU
		{C6EB0E92-E2D5-47D9-8F53-546EC5D48D4E}.Release|Any CPU.ActiveCfg = Release|Any CPU
		{C6EB0E92-E2D5-47D9-8F53-546EC5D48D4E}.Release|Any CPU.Build.0 = Release|Any CPU
		{A4B8049B-C86B-4D7D-89A4-D0FB3A850BA4}.Debug|Any CPU.ActiveCfg = Debug|Any CPU
		{A4B8049B-C86B-4D7D-89A4-D0FB3A850BA4}.Debug|Any CPU.Build.0 = Debug|Any CPU
		{A4B8049B-C86B-4D7D-89A4-D0FB3A850BA4}.Release|Any CPU.ActiveCfg = Release|Any CPU
		{A4B8049B-C86B-4D7D-89A4-D0FB3A850BA4}.Release|Any CPU.Build.0 = Release|Any CPU
	EndGlobalSection
	GlobalSection(SolutionProperties) = preSolution
		HideSolutionNode = FALSE
	EndGlobalSection
	GlobalSection(NestedProjects) = preSolution
		{C6EB0E92-E2D5-47D9-8F53-546EC5D48D4E} = {2B765D47-EAB8-46C4-ACAB-740614477628}
		{A4B8049B-C86B-4D7D-89A4-D0FB3A850BA4} = {3946D062-76F5-4CEC-9334-C3AD27BD55F9}
	EndGlobalSection
	GlobalSection(ExtensibilityGlobals) = postSolution
		SolutionGuid = {C29AF44F-BEBF-4531-B527-29391E3FF48C}
	EndGlobalSection
EndGlobal
