
Microsoft Visual Studio Solution File, Format Version 12.00
# Visual Studio Version 17
VisualStudioVersion = 17.2.32526.322
MinimumVisualStudioVersion = 10.0.40219.1
Project("{2150E333-8FDC-42A3-9474-1A3956D46DE8}") = "src", "src", "{2B765D47-EAB8-46C4-ACAB-740614477628}"
EndProject
Project("{9A19103F-16F7-4668-BE54-9A1E7A4F7556}") = "FSMTeleBot", "src\FSMTeleBot\FSMTeleBot.csproj", "{C6EB0E92-E2D5-47D9-8F53-546EC5D48D4E}"
EndProject
Project("{2150E333-8FDC-42A3-9474-1A3956D46DE8}") = "test", "test", "{3946D062-76F5-4CEC-9334-C3AD27BD55F9}"
EndProject
Project("{9A19103F-16F7-4668-BE54-9A1E7A4F7556}") = "FSMTeleBot.Tests", "test\FSMTeleBot.Tests\FSMTeleBot.Tests.csproj", "{2D95A875-F353-4FB6-A2F5-B18AF9AFB8DD}"
EndProject
Global
	GlobalSection(SolutionConfigurationPlatforms) = preSolution
		Debug|Any CPU = Debug|Any CPU
		Release|Any CPU = Release|Any CPU
	EndGlobalSection
	GlobalSection(ProjectConfigurationPlatforms) = postSolution
		{C6EB0E92-E2D5-47D9-8F53-546EC5D48D4E}.Debug|Any CPU.ActiveCfg = Debug|Any CPU
		{C6EB0E92-E2D5-47D9-8F53-546EC5D48D4E}.Debug|Any CPU.Build.0 = Debug|Any CPU
		{C6EB0E92-E2D5-47D9-8F53-546EC5D48D4E}.Release|Any CPU.ActiveCfg = Release|Any CPU
		{C6EB0E92-E2D5-47D9-8F53-546EC5D48D4E}.Release|Any CPU.Build.0 = Release|Any CPU
		{2D95A875-F353-4FB6-A2F5-B18AF9AFB8DD}.Debug|Any CPU.ActiveCfg = Debug|Any CPU
		{2D95A875-F353-4FB6-A2F5-B18AF9AFB8DD}.Debug|Any CPU.Build.0 = Debug|Any CPU
		{2D95A875-F353-4FB6-A2F5-B18AF9AFB8DD}.Release|Any CPU.ActiveCfg = Release|Any CPU
		{2D95A875-F353-4FB6-A2F5-B18AF9AFB8DD}.Release|Any CPU.Build.0 = Release|Any CPU
	EndGlobalSection
	GlobalSection(SolutionProperties) = preSolution
		HideSolutionNode = FALSE
	EndGlobalSection
	GlobalSection(NestedProjects) = preSolution
		{C6EB0E92-E2D5-47D9-8F53-546EC5D48D4E} = {2B765D47-EAB8-46C4-ACAB-740614477628}
		{2D95A875-F353-4FB6-A2F5-B18AF9AFB8DD} = {3946D062-76F5-4CEC-9334-C3AD27BD55F9}
	EndGlobalSection
	GlobalSection(ExtensibilityGlobals) = postSolution
		SolutionGuid = {C29AF44F-BEBF-4531-B527-29391E3FF48C}
	EndGlobalSection
EndGlobal
